
Microsoft Visual Studio Solution File, Format Version 12.00
# Visual Studio 15
VisualStudioVersion = 15.0.28307.168
MinimumVisualStudioVersion = 10.0.40219.1
Project("{FAE04EC0-301F-11D3-BF4B-00C04F79EFBC}") = "WindowsFormsApp1", "WindowsFormsApp1\WindowsFormsApp1.csproj", "{2CD222E0-95D8-458E-A061-9E355A9D30FB}"
EndProject
Global
	GlobalSection(SolutionConfigurationPlatforms) = preSolution
		Debug|Any CPU = Debug|Any CPU
		Release|Any CPU = Release|Any CPU
	EndGlobalSection
	GlobalSection(ProjectConfigurationPlatforms) = postSolution
		{2CD222E0-95D8-458E-A061-9E355A9D30FB}.Debug|Any CPU.ActiveCfg = Debug|Any CPU
		{2CD222E0-95D8-458E-A061-9E355A9D30FB}.Debug|Any CPU.Build.0 = Debug|Any CPU
		{2CD222E0-95D8-458E-A061-9E355A9D30FB}.Release|Any CPU.ActiveCfg = Release|Any CPU
		{2CD222E0-95D8-458E-A061-9E355A9D30FB}.Release|Any CPU.Build.0 = Release|Any CPU
	EndGlobalSection
	GlobalSection(SolutionProperties) = preSolution
		HideSolutionNode = FALSE
	EndGlobalSection
	GlobalSection(ExtensibilityGlobals) = postSolution
		SolutionGuid = {4E2475B1-4604-4D0A-A943-D2BD70FECA36}
	EndGlobalSection
EndGlobal
