
Microsoft Visual Studio Solution File, Format Version 12.00
# Visual Studio 15
VisualStudioVersion = 15.0.28307.168
MinimumVisualStudioVersion = 10.0.40219.1
Project("{FAE04EC0-301F-11D3-BF4B-00C04F79EFBC}") = "UserLoginTool", "UserLoginTool\UserLoginTool.csproj", "{9F7E46B2-D760-45A1-B966-F1F8EA932E33}"
EndProject
Project("{FAE04EC0-301F-11D3-BF4B-00C04F79EFBC}") = "WindowsFormsApp1", "WindowsFormsApp1\WindowsFormsApp1.csproj", "{81AFD6A7-018D-4843-9EE3-87D933A1D445}"
EndProject
Global
	GlobalSection(SolutionConfigurationPlatforms) = preSolution
		Debug|Any CPU = Debug|Any CPU
		Release|Any CPU = Release|Any CPU
	EndGlobalSection
	GlobalSection(ProjectConfigurationPlatforms) = postSolution
		{9F7E46B2-D760-45A1-B966-F1F8EA932E33}.Debug|Any CPU.ActiveCfg = Debug|Any CPU
		{9F7E46B2-D760-45A1-B966-F1F8EA932E33}.Debug|Any CPU.Build.0 = Debug|Any CPU
		{9F7E46B2-D760-45A1-B966-F1F8EA932E33}.Release|Any CPU.ActiveCfg = Release|Any CPU
		{9F7E46B2-D760-45A1-B966-F1F8EA932E33}.Release|Any CPU.Build.0 = Release|Any CPU
		{81AFD6A7-018D-4843-9EE3-87D933A1D445}.Debug|Any CPU.ActiveCfg = Debug|Any CPU
		{81AFD6A7-018D-4843-9EE3-87D933A1D445}.Debug|Any CPU.Build.0 = Debug|Any CPU
		{81AFD6A7-018D-4843-9EE3-87D933A1D445}.Release|Any CPU.ActiveCfg = Release|Any CPU
		{81AFD6A7-018D-4843-9EE3-87D933A1D445}.Release|Any CPU.Build.0 = Release|Any CPU
	EndGlobalSection
	GlobalSection(SolutionProperties) = preSolution
		HideSolutionNode = FALSE
	EndGlobalSection
	GlobalSection(ExtensibilityGlobals) = postSolution
		SolutionGuid = {6D0E5E40-16B8-4B4C-9C22-362AF8C971D0}
	EndGlobalSection
EndGlobal
