
Microsoft Visual Studio Solution File, Format Version 12.00
# Visual Studio 15
VisualStudioVersion = 15.0.28307.168
MinimumVisualStudioVersion = 10.0.40219.1
Project("{FAE04EC0-301F-11D3-BF4B-00C04F79EFBC}") = "AsyncCodeUsingDelegates", "AsyncCodeUsingDelegates\AsyncCodeUsingDelegates.csproj", "{86B2DB10-F3AC-479C-8C99-6772A7A4B32C}"
EndProject
Project("{FAE04EC0-301F-11D3-BF4B-00C04F79EFBC}") = "ThreadingExample", "ThreadingExample\ThreadingExample.csproj", "{E4DFCE5A-5B69-44FB-BC44-172074F50738}"
EndProject
Project("{FAE04EC0-301F-11D3-BF4B-00C04F79EFBC}") = "TryReflection", "TryReflection\TryReflection.csproj", "{EE5E8371-0E28-4ACC-8AF2-84B7FF60AD24}"
EndProject
Global
	GlobalSection(SolutionConfigurationPlatforms) = preSolution
		Debug|Any CPU = Debug|Any CPU
		Release|Any CPU = Release|Any CPU
	EndGlobalSection
	GlobalSection(ProjectConfigurationPlatforms) = postSolution
		{86B2DB10-F3AC-479C-8C99-6772A7A4B32C}.Debug|Any CPU.ActiveCfg = Debug|Any CPU
		{86B2DB10-F3AC-479C-8C99-6772A7A4B32C}.Debug|Any CPU.Build.0 = Debug|Any CPU
		{86B2DB10-F3AC-479C-8C99-6772A7A4B32C}.Release|Any CPU.ActiveCfg = Release|Any CPU
		{86B2DB10-F3AC-479C-8C99-6772A7A4B32C}.Release|Any CPU.Build.0 = Release|Any CPU
		{E4DFCE5A-5B69-44FB-BC44-172074F50738}.Debug|Any CPU.ActiveCfg = Debug|Any CPU
		{E4DFCE5A-5B69-44FB-BC44-172074F50738}.Debug|Any CPU.Build.0 = Debug|Any CPU
		{E4DFCE5A-5B69-44FB-BC44-172074F50738}.Release|Any CPU.ActiveCfg = Release|Any CPU
		{E4DFCE5A-5B69-44FB-BC44-172074F50738}.Release|Any CPU.Build.0 = Release|Any CPU
		{EE5E8371-0E28-4ACC-8AF2-84B7FF60AD24}.Debug|Any CPU.ActiveCfg = Debug|Any CPU
		{EE5E8371-0E28-4ACC-8AF2-84B7FF60AD24}.Debug|Any CPU.Build.0 = Debug|Any CPU
		{EE5E8371-0E28-4ACC-8AF2-84B7FF60AD24}.Release|Any CPU.ActiveCfg = Release|Any CPU
		{EE5E8371-0E28-4ACC-8AF2-84B7FF60AD24}.Release|Any CPU.Build.0 = Release|Any CPU
	EndGlobalSection
	GlobalSection(SolutionProperties) = preSolution
		HideSolutionNode = FALSE
	EndGlobalSection
	GlobalSection(ExtensibilityGlobals) = postSolution
		SolutionGuid = {D94C7844-5FD4-417C-A9C3-D86AE03625B5}
	EndGlobalSection
EndGlobal
