
Microsoft Visual Studio Solution File, Format Version 12.00
# Visual Studio 15
VisualStudioVersion = 15.0.28307.168
MinimumVisualStudioVersion = 10.0.40219.1
Project("{FAE04EC0-301F-11D3-BF4B-00C04F79EFBC}") = "InheritanceExamples", "InheritanceExamples\InheritanceExamples.csproj", "{BF1FCE94-ACCF-4ECF-BC8C-A6173A4549D8}"
EndProject
Project("{FAE04EC0-301F-11D3-BF4B-00C04F79EFBC}") = "TestAccessSpecifiers", "TestAccessSpecifiers\TestAccessSpecifiers.csproj", "{F91CE48D-DF18-41A5-B16D-368C834006FE}"
EndProject
Project("{FAE04EC0-301F-11D3-BF4B-00C04F79EFBC}") = "RefAndValue", "RefAndValue\RefAndValue.csproj", "{55069003-A4E0-4840-958F-E28F3A9BD263}"
EndProject
Project("{FAE04EC0-301F-11D3-BF4B-00C04F79EFBC}") = "Interfaces", "Interfaces\Interfaces.csproj", "{99F105C7-5373-4BB2-80AE-8B8C00CF4E9D}"
EndProject
Project("{FAE04EC0-301F-11D3-BF4B-00C04F79EFBC}") = "RefAndValue2", "RefAndValue2\RefAndValue2.csproj", "{108586BF-1D5E-4594-9933-A0250E16042B}"
EndProject
Global
	GlobalSection(SolutionConfigurationPlatforms) = preSolution
		Debug|Any CPU = Debug|Any CPU
		Release|Any CPU = Release|Any CPU
	EndGlobalSection
	GlobalSection(ProjectConfigurationPlatforms) = postSolution
		{BF1FCE94-ACCF-4ECF-BC8C-A6173A4549D8}.Debug|Any CPU.ActiveCfg = Debug|Any CPU
		{BF1FCE94-ACCF-4ECF-BC8C-A6173A4549D8}.Debug|Any CPU.Build.0 = Debug|Any CPU
		{BF1FCE94-ACCF-4ECF-BC8C-A6173A4549D8}.Release|Any CPU.ActiveCfg = Release|Any CPU
		{BF1FCE94-ACCF-4ECF-BC8C-A6173A4549D8}.Release|Any CPU.Build.0 = Release|Any CPU
		{F91CE48D-DF18-41A5-B16D-368C834006FE}.Debug|Any CPU.ActiveCfg = Debug|Any CPU
		{F91CE48D-DF18-41A5-B16D-368C834006FE}.Debug|Any CPU.Build.0 = Debug|Any CPU
		{F91CE48D-DF18-41A5-B16D-368C834006FE}.Release|Any CPU.ActiveCfg = Release|Any CPU
		{F91CE48D-DF18-41A5-B16D-368C834006FE}.Release|Any CPU.Build.0 = Release|Any CPU
		{55069003-A4E0-4840-958F-E28F3A9BD263}.Debug|Any CPU.ActiveCfg = Debug|Any CPU
		{55069003-A4E0-4840-958F-E28F3A9BD263}.Debug|Any CPU.Build.0 = Debug|Any CPU
		{55069003-A4E0-4840-958F-E28F3A9BD263}.Release|Any CPU.ActiveCfg = Release|Any CPU
		{55069003-A4E0-4840-958F-E28F3A9BD263}.Release|Any CPU.Build.0 = Release|Any CPU
		{99F105C7-5373-4BB2-80AE-8B8C00CF4E9D}.Debug|Any CPU.ActiveCfg = Debug|Any CPU
		{99F105C7-5373-4BB2-80AE-8B8C00CF4E9D}.Debug|Any CPU.Build.0 = Debug|Any CPU
		{99F105C7-5373-4BB2-80AE-8B8C00CF4E9D}.Release|Any CPU.ActiveCfg = Release|Any CPU
		{99F105C7-5373-4BB2-80AE-8B8C00CF4E9D}.Release|Any CPU.Build.0 = Release|Any CPU
		{108586BF-1D5E-4594-9933-A0250E16042B}.Debug|Any CPU.ActiveCfg = Debug|Any CPU
		{108586BF-1D5E-4594-9933-A0250E16042B}.Debug|Any CPU.Build.0 = Debug|Any CPU
		{108586BF-1D5E-4594-9933-A0250E16042B}.Release|Any CPU.ActiveCfg = Release|Any CPU
		{108586BF-1D5E-4594-9933-A0250E16042B}.Release|Any CPU.Build.0 = Release|Any CPU
	EndGlobalSection
	GlobalSection(SolutionProperties) = preSolution
		HideSolutionNode = FALSE
	EndGlobalSection
	GlobalSection(ExtensibilityGlobals) = postSolution
		SolutionGuid = {87E5B4CF-F1A1-451F-93E6-2540F37AE6AF}
	EndGlobalSection
EndGlobal
