
Microsoft Visual Studio Solution File, Format Version 12.00
# Visual Studio 15
VisualStudioVersion = 15.0.28307.168
MinimumVisualStudioVersion = 10.0.40219.1
Project("{FAE04EC0-301F-11D3-BF4B-00C04F79EFBC}") = "WindowsFormsControlLibrary1", "WindowsFormsControlLibrary1\WindowsFormsControlLibrary1.csproj", "{8DC2E627-CC9F-430E-BD65-D8E409EE8453}"
EndProject
Project("{FAE04EC0-301F-11D3-BF4B-00C04F79EFBC}") = "WindowsFormsApp1", "WindowsFormsApp1\WindowsFormsApp1.csproj", "{09E39ED8-F7DE-43B9-A1F8-8DB142F6BC12}"
EndProject
Global
	GlobalSection(SolutionConfigurationPlatforms) = preSolution
		Debug|Any CPU = Debug|Any CPU
		Release|Any CPU = Release|Any CPU
	EndGlobalSection
	GlobalSection(ProjectConfigurationPlatforms) = postSolution
		{8DC2E627-CC9F-430E-BD65-D8E409EE8453}.Debug|Any CPU.ActiveCfg = Debug|Any CPU
		{8DC2E627-CC9F-430E-BD65-D8E409EE8453}.Debug|Any CPU.Build.0 = Debug|Any CPU
		{8DC2E627-CC9F-430E-BD65-D8E409EE8453}.Release|Any CPU.ActiveCfg = Release|Any CPU
		{8DC2E627-CC9F-430E-BD65-D8E409EE8453}.Release|Any CPU.Build.0 = Release|Any CPU
		{09E39ED8-F7DE-43B9-A1F8-8DB142F6BC12}.Debug|Any CPU.ActiveCfg = Debug|Any CPU
		{09E39ED8-F7DE-43B9-A1F8-8DB142F6BC12}.Debug|Any CPU.Build.0 = Debug|Any CPU
		{09E39ED8-F7DE-43B9-A1F8-8DB142F6BC12}.Release|Any CPU.ActiveCfg = Release|Any CPU
		{09E39ED8-F7DE-43B9-A1F8-8DB142F6BC12}.Release|Any CPU.Build.0 = Release|Any CPU
	EndGlobalSection
	GlobalSection(SolutionProperties) = preSolution
		HideSolutionNode = FALSE
	EndGlobalSection
	GlobalSection(ExtensibilityGlobals) = postSolution
		SolutionGuid = {B80C12E0-9CFA-4900-8F37-14FF9961875C}
	EndGlobalSection
EndGlobal
